
Microsoft Visual Studio Solution File, Format Version 12.00
# Visual Studio Version 16
VisualStudioVersion = 16.0.30611.23
MinimumVisualStudioVersion = 10.0.40219.1
Project("{FAE04EC0-301F-11D3-BF4B-00C04F79EFBC}") = "SurveyingAndMaping", "SurveyingAndMaping.csproj", "{FBB087B6-CEC6-42EC-8B85-031AA1DF406A}"
EndProject
Global
	GlobalSection(SolutionConfigurationPlatforms) = preSolution
		Debug|Any CPU = Debug|Any CPU
		Release|Any CPU = Release|Any CPU
	EndGlobalSection
	GlobalSection(ProjectConfigurationPlatforms) = postSolution
		{FBB087B6-CEC6-42EC-8B85-031AA1DF406A}.Debug|Any CPU.ActiveCfg = Debug|Any CPU
		{FBB087B6-CEC6-42EC-8B85-031AA1DF406A}.Debug|Any CPU.Build.0 = Debug|Any CPU
		{FBB087B6-CEC6-42EC-8B85-031AA1DF406A}.Release|Any CPU.ActiveCfg = Release|Any CPU
		{FBB087B6-CEC6-42EC-8B85-031AA1DF406A}.Release|Any CPU.Build.0 = Release|Any CPU
	EndGlobalSection
	GlobalSection(SolutionProperties) = preSolution
		HideSolutionNode = FALSE
	EndGlobalSection
	GlobalSection(ExtensibilityGlobals) = postSolution
		SolutionGuid = {6B659A4F-944C-4E29-B157-DF348228E441}
	EndGlobalSection
EndGlobal
